{
  "name": "sigma-monorepo",
  "version": "1.0.0",
  "lockfileVersion": 3,
  "requires": true,
  "packages": {
    "": {
      "name": "sigma-monorepo",
      "version": "1.0.0",
      "dependencies": {
        "bcryptjs": "^3.0.3",
        "stripe": "^20.3.1"
      },
      "devDependencies": {
        "prettier": "^3.4.2",
        "turbo": "^2.8.2"
      },
      "engines": {
        "node": ">=18.0.0",
        "pnpm": ">=8.0.0"
      }
    },
    "node_modules/.pnpm/prettier@3.8.1/node_modules/prettier": {
      "version": "3.8.1",
      "dev": true,
      "license": "MIT",
      "bin": {
        "prettier": "bin/prettier.cjs"
      },
      "engines": {
        "node": ">=14"
      },
      "funding": {
        "url": "https://github.com/prettier/prettier?sponsor=1"
      }
    },
    "node_modules/.pnpm/turbo@2.8.3/node_modules/turbo": {
      "version": "2.8.3",
      "dev": true,
      "license": "MIT",
      "bin": {
        "turbo": "bin/turbo"
      },
      "optionalDependencies": {
        "turbo-darwin-64": "2.8.3",
        "turbo-darwin-arm64": "2.8.3",
        "turbo-linux-64": "2.8.3",
        "turbo-linux-arm64": "2.8.3",
        "turbo-windows-64": "2.8.3",
        "turbo-windows-arm64": "2.8.3"
      }
    },
    "node_modules/bcryptjs": {
      "version": "3.0.3",
      "resolved": "https://registry.npmjs.org/bcryptjs/-/bcryptjs-3.0.3.tgz",
      "integrity": "sha512-GlF5wPWnSa/X5LKM1o0wz0suXIINz1iHRLvTS+sLyi7XPbe5ycmYI3DlZqVGZZtDgl4DmasFg7gOB3JYbphV5g==",
      "license": "BSD-3-Clause",
      "bin": {
        "bcrypt": "bin/bcrypt"
      }
    },
    "node_modules/prettier": {
      "resolved": "node_modules/.pnpm/prettier@3.8.1/node_modules/prettier",
      "link": true
    },
    "node_modules/stripe": {
      "version": "20.3.1",
      "resolved": "https://registry.npmjs.org/stripe/-/stripe-20.3.1.tgz",
      "integrity": "sha512-k990yOT5G5rhX3XluRPw5Y8RLdJDW4dzQ29wWT66piHrbnM2KyamJ1dKgPsw4HzGHRWjDiSSdcI2WdxQUPV3aQ==",
      "license": "MIT",
      "engines": {
        "node": ">=16"
      },
      "peerDependencies": {
        "@types/node": ">=16"
      },
      "peerDependenciesMeta": {
        "@types/node": {
          "optional": true
        }
      }
    },
    "node_modules/turbo": {
      "resolved": "node_modules/.pnpm/turbo@2.8.3/node_modules/turbo",
      "link": true
    },
    "node_modules/turbo-darwin-64": {
      "version": "2.8.3",
      "resolved": "https://registry.npmjs.org/turbo-darwin-64/-/turbo-darwin-64-2.8.3.tgz",
      "integrity": "sha512-4kXRLfcygLOeNcP6JquqRLmGB/ATjjfehiojL2dJkL7GFm3SPSXbq7oNj8UbD8XriYQ5hPaSuz59iF1ijPHkTw==",
      "cpu": [
        "x64"
      ],
      "dev": true,
      "license": "MIT",
      "optional": true,
      "os": [
        "darwin"
      ]
    },
    "node_modules/turbo-darwin-arm64": {
      "version": "2.8.3",
      "resolved": "https://registry.npmjs.org/turbo-darwin-arm64/-/turbo-darwin-arm64-2.8.3.tgz",
      "integrity": "sha512-xF7uCeC0UY0Hrv/tqax0BMbFlVP1J/aRyeGQPZT4NjvIPj8gSPDgFhfkfz06DhUwDg5NgMo04uiSkAWE8WB/QQ==",
      "cpu": [
        "arm64"
      ],
      "dev": true,
      "license": "MIT",
      "optional": true,
      "os": [
        "darwin"
      ]
    },
    "node_modules/turbo-linux-64": {
      "version": "2.8.3",
      "resolved": "https://registry.npmjs.org/turbo-linux-64/-/turbo-linux-64-2.8.3.tgz",
      "integrity": "sha512-vxMDXwaOjweW/4etY7BxrXCSkvtwh0PbwVafyfT1Ww659SedUxd5rM3V2ZCmbwG8NiCfY7d6VtxyHx3Wh1GoZA==",
      "cpu": [
        "x64"
      ],
      "dev": true,
      "license": "MIT",
      "optional": true,
      "os": [
        "linux"
      ]
    },
    "node_modules/turbo-linux-arm64": {
      "version": "2.8.3",
      "resolved": "https://registry.npmjs.org/turbo-linux-arm64/-/turbo-linux-arm64-2.8.3.tgz",
      "integrity": "sha512-mQX7uYBZFkuPLLlKaNe9IjR1JIef4YvY8f21xFocvttXvdPebnq3PK1Zjzl9A1zun2BEuWNUwQIL8lgvN9Pm3Q==",
      "cpu": [
        "arm64"
      ],
      "dev": true,
      "license": "MIT",
      "optional": true,
      "os": [
        "linux"
      ]
    },
    "node_modules/turbo-windows-64": {
      "version": "2.8.3",
      "resolved": "https://registry.npmjs.org/turbo-windows-64/-/turbo-windows-64-2.8.3.tgz",
      "integrity": "sha512-YLGEfppGxZj3VWcNOVa08h6ISsVKiG85aCAWosOKNUjb6yErWEuydv6/qImRJUI+tDLvDvW7BxopAkujRnWCrw==",
      "cpu": [
        "x64"
      ],
      "dev": true,
      "license": "MIT",
      "optional": true,
      "os": [
        "win32"
      ]
    },
    "node_modules/turbo-windows-arm64": {
      "version": "2.8.3",
      "resolved": "https://registry.npmjs.org/turbo-windows-arm64/-/turbo-windows-arm64-2.8.3.tgz",
      "integrity": "sha512-afTUGKBRmOJU1smQSBnFGcbq0iabAPwh1uXu2BVk7BREg30/1gMnJh9DFEQTah+UD3n3ru8V55J83RQNFfqoyw==",
      "cpu": [
        "arm64"
      ],
      "dev": true,
      "license": "MIT",
      "optional": true,
      "os": [
        "win32"
      ]
    }
  }
}
